
Microsoft Visual Studio Solution File, Format Version 12.00
# Visual Studio Version 17
VisualStudioVersion = 17.13.35818.85 d17.13
MinimumVisualStudioVersion = 10.0.40219.1
Project("{FAE04EC0-301F-11D3-BF4B-00C04F79EFBC}") = "Coursework", "Coursework.csproj", "{155F2D94-272E-6226-1372-EB172F51408C}"
EndProject
Global
	GlobalSection(SolutionConfigurationPlatforms) = preSolution
		Debug|Any CPU = Debug|Any CPU
		Release|Any CPU = Release|Any CPU
	EndGlobalSection
	GlobalSection(ProjectConfigurationPlatforms) = postSolution
		{155F2D94-272E-6226-1372-EB172F51408C}.Debug|Any CPU.ActiveCfg = Debug|Any CPU
		{155F2D94-272E-6226-1372-EB172F51408C}.Debug|Any CPU.Build.0 = Debug|Any CPU
		{155F2D94-272E-6226-1372-EB172F51408C}.Release|Any CPU.ActiveCfg = Release|Any CPU
		{155F2D94-272E-6226-1372-EB172F51408C}.Release|Any CPU.Build.0 = Release|Any CPU
	EndGlobalSection
	GlobalSection(SolutionProperties) = preSolution
		HideSolutionNode = FALSE
	EndGlobalSection
	GlobalSection(ExtensibilityGlobals) = postSolution
		SolutionGuid = {05CB7FD1-8B75-4FCB-815C-A86A88A5EC38}
	EndGlobalSection
EndGlobal
